
Microsoft Visual Studio Solution File, Format Version 12.00
# Visual Studio Version 16
VisualStudioVersion = 16.0.31624.102
MinimumVisualStudioVersion = 10.0.40219.1
Project("{FAE04EC0-301F-11D3-BF4B-00C04F79EFBC}") = "Lession51", "Lession51\Lession51.csproj", "{C529A8E2-B6FA-4362-8A4C-814213776147}"
EndProject
Global
	GlobalSection(SolutionConfigurationPlatforms) = preSolution
		Debug|Any CPU = Debug|Any CPU
		Release|Any CPU = Release|Any CPU
	EndGlobalSection
	GlobalSection(ProjectConfigurationPlatforms) = postSolution
		{C529A8E2-B6FA-4362-8A4C-814213776147}.Debug|Any CPU.ActiveCfg = Debug|Any CPU
		{C529A8E2-B6FA-4362-8A4C-814213776147}.Debug|Any CPU.Build.0 = Debug|Any CPU
		{C529A8E2-B6FA-4362-8A4C-814213776147}.Release|Any CPU.ActiveCfg = Release|Any CPU
		{C529A8E2-B6FA-4362-8A4C-814213776147}.Release|Any CPU.Build.0 = Release|Any CPU
	EndGlobalSection
	GlobalSection(SolutionProperties) = preSolution
		HideSolutionNode = FALSE
	EndGlobalSection
	GlobalSection(ExtensibilityGlobals) = postSolution
		SolutionGuid = {A2BB6B98-4173-47E3-A994-DA21F1FA8629}
	EndGlobalSection
EndGlobal
